
Microsoft Visual Studio Solution File, Format Version 12.00
# Visual Studio Version 17
VisualStudioVersion = 17.5.33530.505
MinimumVisualStudioVersion = 10.0.40219.1
Project("{FAE04EC0-301F-11D3-BF4B-00C04F79EFBC}") = "VishalSecondInterview", "VishalSecondInterview\VishalSecondInterview.csproj", "{F8554279-D9CE-4CBE-81D5-5404BF85C7C7}"
EndProject
Project("{FAE04EC0-301F-11D3-BF4B-00C04F79EFBC}") = "ExoplanetTests", "ExoplanetTests\ExoplanetTests.csproj", "{45F30862-23E4-444C-865C-1F7F0603A934}"
EndProject
Global
	GlobalSection(SolutionConfigurationPlatforms) = preSolution
		Debug|Any CPU = Debug|Any CPU
		Release|Any CPU = Release|Any CPU
	EndGlobalSection
	GlobalSection(ProjectConfigurationPlatforms) = postSolution
		{F8554279-D9CE-4CBE-81D5-5404BF85C7C7}.Debug|Any CPU.ActiveCfg = Debug|Any CPU
		{F8554279-D9CE-4CBE-81D5-5404BF85C7C7}.Debug|Any CPU.Build.0 = Debug|Any CPU
		{F8554279-D9CE-4CBE-81D5-5404BF85C7C7}.Release|Any CPU.ActiveCfg = Release|Any CPU
		{F8554279-D9CE-4CBE-81D5-5404BF85C7C7}.Release|Any CPU.Build.0 = Release|Any CPU
		{45F30862-23E4-444C-865C-1F7F0603A934}.Debug|Any CPU.ActiveCfg = Debug|Any CPU
		{45F30862-23E4-444C-865C-1F7F0603A934}.Debug|Any CPU.Build.0 = Debug|Any CPU
		{45F30862-23E4-444C-865C-1F7F0603A934}.Release|Any CPU.ActiveCfg = Release|Any CPU
		{45F30862-23E4-444C-865C-1F7F0603A934}.Release|Any CPU.Build.0 = Release|Any CPU
	EndGlobalSection
	GlobalSection(SolutionProperties) = preSolution
		HideSolutionNode = FALSE
	EndGlobalSection
	GlobalSection(ExtensibilityGlobals) = postSolution
		SolutionGuid = {116992E5-01AC-47B4-A5A3-93983B807867}
	EndGlobalSection
EndGlobal
